schema: '2.0'
stages:
  data_ingestion:
    cmd: python src/cnnclassifier/pipeline/stage_01_data_ingestion.py
    deps:
    - path: config/config.yaml
      hash: md5
      md5: 184e7c8955e774f0bb9534243644e663
      size: 760
    - path: src/cnnclassifier/pipeline/stage_01_data_ingestion.py
      hash: md5
      md5: af90db3f731604d12a911e87d6a8279e
      size: 949
    outs:
    - path: artifacts/data_ingestion/train
      hash: md5
      md5: 7e49b102d2764de12ae74069c7b87f3b.dir
      size: 1154397616
      nfiles: 5216
  prepare_base_model:
    cmd: python src/cnnclassifier/pipeline/stage_02_prepare_base_model.py
    deps:
    - path: config/config.yaml
      hash: md5
      md5: 184e7c8955e774f0bb9534243644e663
      size: 760
    - path: src/cnnclassifier/pipeline/stage_02_prepare_base_model.py
      hash: md5
      md5: 48993faa9a1e4ca06f85ebf8210e7f1a
      size: 1010
    params:
      params.yaml:
        CLASSES: 2
        IMAGE_SIZE:
        - 224
        - 224
        - 3
        INCLUDE_TOP: false
        LEARNING_RATE: 0.01
        WEIGHT: imagenet
    outs:
    - path: artifacts/prepare_base_model
      hash: md5
      md5: e8bc6ddfb48b4d9281c4352c5e8828f8.dir
      size: 118075312
      nfiles: 2
  training:
    cmd: python src/cnnclassifier/pipeline/stage_03_training.py
    deps:
    - path: artifacts/data_ingestion/train
      hash: md5
      md5: 625fa7ef4634954dcc03d5f1c9cd6bdc.dir
      size: 91492491
      nfiles: 192
    - path: artifacts/prepare_base_model
      hash: md5
      md5: 4563ec80914190797747c713501d174f.dir
      size: 118073624
      nfiles: 2
    - path: config/config.yaml
      hash: md5
      md5: d237656734d1821a19b40eeed90d9f08
      size: 788
    - path: src/cnnclassifier/components/prepare_callbacks.py
      hash: md5
      md5: 8eccfdf5d735faeae660ab3cff1ae442
      size: 997
    - path: src/cnnclassifier/pipeline/stage_03_training.py
      hash: md5
      md5: 09c522294ff77481ab42c4121d349bbe
      size: 1280
    params:
      params.yaml:
        AUGMENTATION: true
        BATCH_SIZE: 16
        EPOCHS: 5
        IMAGE_SIZE:
        - 224
        - 224
        - 3
    outs:
    - path: artifacts/training/model.h5
      hash: md5
      md5: a74f6fb5e1753e2b316935d0686da841
      size: 59147544
  evaluation:
    cmd: python src/cnnclassifier/pipeline/stage_04_Evaluation.py
    deps:
    - path: artifacts/data_ingestion/train
      hash: md5
      md5: 7e49b102d2764de12ae74069c7b87f3b.dir
      size: 1154397616
      nfiles: 5216
    - path: artifacts/training/model.h5
      hash: md5
      md5: c190cfe9cbb459205bee09833bd7c5ec
      size: 59148696
    - path: config/config.yaml
      hash: md5
      md5: 184e7c8955e774f0bb9534243644e663
      size: 760
    - path: src/cnnclassifier/pipeline/stage_04_Evaluation.py
      hash: md5
      md5: 4376953dc2671f6a698e4812ac8fa0f3
      size: 833
    params:
      params.yaml:
        BATCH_SIZE: 16
        IMAGE_SIZE:
        - 224
        - 224
        - 3
    outs:
    - path: scores.json
      hash: md5
      md5: 8993ffd7a651a8c319ef2c830dbdb73a
      size: 69
